{
  "# Continue to the next step on failure\ncontinue-on-error: true": [
    {
      "file": ".github/workflows/current.yml",
      "lines": [
        83,
        97
      ]
    },
    {
      "file": ".github/workflows/dep-heads.yml",
      "lines": [
        99,
        113
      ]
    },
    {
      "file": ".github/workflows/heads.yml",
      "lines": [
        98,
        112
      ]
    }
  ],
  "if: ${{ !env.ACT || (! startsWith(matrix.ruby, 'jruby') && !startsWith(matrix.ruby, 'truffleruby')) }}\nrun: bundle install": [
    {
      "file": ".github/workflows/current.yml",
      "lines": [
        76,
        81
      ]
    },
    {
      "file": ".github/workflows/dep-heads.yml",
      "lines": [
        92,
        97
      ]
    },
    {
      "file": ".github/workflows/heads.yml",
      "lines": [
        91,
        96
      ]
    }
  ]
}
