{
  "spec/markly/merge/comment_behavior_matrix_spec.rb:2859321144": [
    [6, 1, 85, "RSpec/SpecFilePathFormat: Spec path should end with `markly/merge/smart_merger*comment_behavior_matrix*_spec.rb`.", 736292447],
    [6, 44, 25, "RSpec/DescribeMethod: The second argument to describe should be the method being tested. '#instance' or '.class'.", 1921084705],
    [12, 21, 26, "RSpec/DescribedClass: Use `described_class` instead of `Markly::Merge::SmartMerger`.", 714108430]
  ]
}
